
Microsoft Visual Studio Solution File, Format Version 12.00
# Visual Studio Version 16
VisualStudioVersion = 16.0.29709.97
MinimumVisualStudioVersion = 10.0.40219.1
Project("{FAE04EC0-301F-11D3-BF4B-00C04F79EFBC}") = "A2VladyslavBanasko", "A2VladyslavBanasko\A2VladyslavBanasko.csproj", "{DD1356C7-CDD8-486A-9F97-2B493F0091DE}"
EndProject
Global
	GlobalSection(SolutionConfigurationPlatforms) = preSolution
		Debug|Any CPU = Debug|Any CPU
		Release|Any CPU = Release|Any CPU
	EndGlobalSection
	GlobalSection(ProjectConfigurationPlatforms) = postSolution
		{DD1356C7-CDD8-486A-9F97-2B493F0091DE}.Debug|Any CPU.ActiveCfg = Debug|Any CPU
		{DD1356C7-CDD8-486A-9F97-2B493F0091DE}.Debug|Any CPU.Build.0 = Debug|Any CPU
		{DD1356C7-CDD8-486A-9F97-2B493F0091DE}.Release|Any CPU.ActiveCfg = Release|Any CPU
		{DD1356C7-CDD8-486A-9F97-2B493F0091DE}.Release|Any CPU.Build.0 = Release|Any CPU
	EndGlobalSection
	GlobalSection(SolutionProperties) = preSolution
		HideSolutionNode = FALSE
	EndGlobalSection
	GlobalSection(ExtensibilityGlobals) = postSolution
		SolutionGuid = {40A1FB0E-D0A3-4922-8DFD-97C6138441F6}
	EndGlobalSection
EndGlobal
